
Microsoft Visual Studio Solution File, Format Version 12.00
# Visual Studio Version 16
VisualStudioVersion = 16.0.30503.244
MinimumVisualStudioVersion = 10.0.40219.1
Project("{FAE04EC0-301F-11D3-BF4B-00C04F79EFBC}") = "comp255_monthArrays", "comp255_monthArrays\comp255_monthArrays.csproj", "{D350FAC2-0622-4C40-ADF5-9FCB7FD79B4C}"
EndProject
Global
	GlobalSection(SolutionConfigurationPlatforms) = preSolution
		Debug|Any CPU = Debug|Any CPU
		Release|Any CPU = Release|Any CPU
	EndGlobalSection
	GlobalSection(ProjectConfigurationPlatforms) = postSolution
		{D350FAC2-0622-4C40-ADF5-9FCB7FD79B4C}.Debug|Any CPU.ActiveCfg = Debug|Any CPU
		{D350FAC2-0622-4C40-ADF5-9FCB7FD79B4C}.Debug|Any CPU.Build.0 = Debug|Any CPU
		{D350FAC2-0622-4C40-ADF5-9FCB7FD79B4C}.Release|Any CPU.ActiveCfg = Release|Any CPU
		{D350FAC2-0622-4C40-ADF5-9FCB7FD79B4C}.Release|Any CPU.Build.0 = Release|Any CPU
	EndGlobalSection
	GlobalSection(SolutionProperties) = preSolution
		HideSolutionNode = FALSE
	EndGlobalSection
	GlobalSection(ExtensibilityGlobals) = postSolution
		SolutionGuid = {09F77643-9FF8-40B0-9342-6B8628D10159}
	EndGlobalSection
EndGlobal
