
Microsoft Visual Studio Solution File, Format Version 12.00
# Visual Studio Version 16
VisualStudioVersion = 16.0.30717.126
MinimumVisualStudioVersion = 10.0.40219.1
Project("{FAE04EC0-301F-11D3-BF4B-00C04F79EFBC}") = "comp255_Final", "comp255_Final\comp255_Final.csproj", "{5ACDB22E-4971-4971-8095-E7FC20CC35CE}"
EndProject
Global
	GlobalSection(SolutionConfigurationPlatforms) = preSolution
		Debug|Any CPU = Debug|Any CPU
		Release|Any CPU = Release|Any CPU
	EndGlobalSection
	GlobalSection(ProjectConfigurationPlatforms) = postSolution
		{5ACDB22E-4971-4971-8095-E7FC20CC35CE}.Debug|Any CPU.ActiveCfg = Debug|Any CPU
		{5ACDB22E-4971-4971-8095-E7FC20CC35CE}.Debug|Any CPU.Build.0 = Debug|Any CPU
		{5ACDB22E-4971-4971-8095-E7FC20CC35CE}.Release|Any CPU.ActiveCfg = Release|Any CPU
		{5ACDB22E-4971-4971-8095-E7FC20CC35CE}.Release|Any CPU.Build.0 = Release|Any CPU
	EndGlobalSection
	GlobalSection(SolutionProperties) = preSolution
		HideSolutionNode = FALSE
	EndGlobalSection
	GlobalSection(ExtensibilityGlobals) = postSolution
		SolutionGuid = {D5448F45-5F0D-47BB-9AE7-01EC7BBD9564}
	EndGlobalSection
EndGlobal
