
Microsoft Visual Studio Solution File, Format Version 12.00
# Visual Studio Version 16
VisualStudioVersion = 16.0.30503.244
MinimumVisualStudioVersion = 10.0.40219.1
Project("{FAE04EC0-301F-11D3-BF4B-00C04F79EFBC}") = "PrimeNumbers", "PrimeNumbers\PrimeNumbers.csproj", "{9CEB15A3-9FB7-4103-96FE-59E4DA77449F}"
EndProject
Global
	GlobalSection(SolutionConfigurationPlatforms) = preSolution
		Debug|Any CPU = Debug|Any CPU
		Release|Any CPU = Release|Any CPU
	EndGlobalSection
	GlobalSection(ProjectConfigurationPlatforms) = postSolution
		{9CEB15A3-9FB7-4103-96FE-59E4DA77449F}.Debug|Any CPU.ActiveCfg = Debug|Any CPU
		{9CEB15A3-9FB7-4103-96FE-59E4DA77449F}.Debug|Any CPU.Build.0 = Debug|Any CPU
		{9CEB15A3-9FB7-4103-96FE-59E4DA77449F}.Release|Any CPU.ActiveCfg = Release|Any CPU
		{9CEB15A3-9FB7-4103-96FE-59E4DA77449F}.Release|Any CPU.Build.0 = Release|Any CPU
	EndGlobalSection
	GlobalSection(SolutionProperties) = preSolution
		HideSolutionNode = FALSE
	EndGlobalSection
	GlobalSection(ExtensibilityGlobals) = postSolution
		SolutionGuid = {1A31554C-A4EF-4F73-9FA8-9537503D80DF}
	EndGlobalSection
EndGlobal
